// !$*UTF8*$!
{
	archiveVersion = 1;
	classes = {
	};
	objectVersion = 50;
	objects = {

/* Begin PBXBuildFile section */
		CF8097E625C0751D00718437 /* AppDelegate.swift in Sources */ = {isa = PBXBuildFile; fileRef = CF8097E525C0751D00718437 /* AppDelegate.swift */; };
		CF8097E825C0751D00718437 /* SceneDelegate.swift in Sources */ = {isa = PBXBuildFile; fileRef = CF8097E725C0751D00718437 /* SceneDelegate.swift */; };
		CF8097EA25C0751D00718437 /* ViewController.swift in Sources */ = {isa = PBXBuildFile; fileRef = CF8097E925C0751D00718437 /* ViewController.swift */; };
		CF8097ED25C0751D00718437 /* Main.storyboard in Resources */ = {isa = PBXBuildFile; fileRef = CF8097EB25C0751D00718437 /* Main.storyboard */; };
		CF8097EF25C0751F00718437 /* Assets.xcassets in Resources */ = {isa = PBXBuildFile; fileRef = CF8097EE25C0751F00718437 /* Assets.xcassets */; };
		CF8097F225C0751F00718437 /* LaunchScreen.storyboard in Resources */ = {isa = PBXBuildFile; fileRef = CF8097F025C0751F00718437 /* LaunchScreen.storyboard */; };
		CF8097FD25C0793C00718437 /* RestaurantCell.swift in Sources */ = {isa = PBXBuildFile; fileRef = CF8097FC25C0793C00718437 /* RestaurantCell.swift */; };
		CF80980125C084B800718437 /* DetailViewController.swift in Sources */ = {isa = PBXBuildFile; fileRef = CF80980025C084B800718437 /* DetailViewController.swift */; };
/* End PBXBuildFile section */

/* Begin PBXFileReference section */
		CF8097E225C0751D00718437 /* restaurantSearchApp.app */ = {isa = PBXFileReference; explicitFileType = wrapper.application; includeInIndex = 0; path = restaurantSearchApp.app; sourceTree = BUILT_PRODUCTS_DIR; };
		CF8097E525C0751D00718437 /* AppDelegate.swift */ = {isa = PBXFileReference; lastKnownFileType = sourcecode.swift; path = AppDelegate.swift; sourceTree = "<group>"; };
		CF8097E725C0751D00718437 /* SceneDelegate.swift */ = {isa = PBXFileReference; lastKnownFileType = sourcecode.swift; path = SceneDelegate.swift; sourceTree = "<group>"; };
		CF8097E925C0751D00718437 /* ViewController.swift */ = {isa = PBXFileReference; lastKnownFileType = sourcecode.swift; path = ViewController.swift; sourceTree = "<group>"; };
		CF8097EC25C0751D00718437 /* Base */ = {isa = PBXFileReference; lastKnownFileType = file.storyboard; name = Base; path = Base.lproj/Main.storyboard; sourceTree = "<group>"; };
		CF8097EE25C0751F00718437 /* Assets.xcassets */ = {isa = PBXFileReference; lastKnownFileType = folder.assetcatalog; path = Assets.xcassets; sourceTree = "<group>"; };
		CF8097F125C0751F00718437 /* Base */ = {isa = PBXFileReference; lastKnownFileType = file.storyboard; name = Base; path = Base.lproj/LaunchScreen.storyboard; sourceTree = "<group>"; };
		CF8097F325C0751F00718437 /* Info.plist */ = {isa = PBXFileReference; lastKnownFileType = text.plist.xml; path = Info.plist; sourceTree = "<group>"; };
		CF8097FC25C0793C00718437 /* RestaurantCell.swift */ = {isa = PBXFileReference; lastKnownFileType = sourcecode.swift; path = RestaurantCell.swift; sourceTree = "<group>"; };
		CF80980025C084B800718437 /* DetailViewController.swift */ = {isa = PBXFileReference; lastKnownFileType = sourcecode.swift; path = DetailViewController.swift; sourceTree = "<group>"; };
/* End PBXFileReference section */

/* Begin PBXFrameworksBuildPhase section */
		CF8097DF25C0751D00718437 /* Frameworks */ = {
			isa = PBXFrameworksBuildPhase;
			buildActionMask = 2147483647;
			files = (
			);
			runOnlyForDeploymentPostprocessing = 0;
		};
/* End PBXFrameworksBuildPhase section */

/* Begin PBXGroup section */
		CF8097D925C0751D00718437 = {
			isa = PBXGroup;
			children = (
				CF8097FB25C0791100718437 /* Table View Cells */,
				CF8097E425C0751D00718437 /* restaurantSearchApp */,
				CF8097E325C0751D00718437 /* Products */,
			);
			sourceTree = "<group>";
		};
		CF8097E325C0751D00718437 /* Products */ = {
			isa = PBXGroup;
			children = (
				CF8097E225C0751D00718437 /* restaurantSearchApp.app */,
			);
			name = Products;
			sourceTree = "<group>";
		};
		CF8097E425C0751D00718437 /* restaurantSearchApp */ = {
			isa = PBXGroup;
			children = (
				CF80980025C084B800718437 /* DetailViewController.swift */,
				CF8097E525C0751D00718437 /* AppDelegate.swift */,
				CF8097E725C0751D00718437 /* SceneDelegate.swift */,
				CF8097E925C0751D00718437 /* ViewController.swift */,
				CF8097EB25C0751D00718437 /* Main.storyboard */,
				CF8097EE25C0751F00718437 /* Assets.xcassets */,
				CF8097F025C0751F00718437 /* LaunchScreen.storyboard */,
				CF8097F325C0751F00718437 /* Info.plist */,
			);
			path = restaurantSearchApp;
			sourceTree = "<group>";
		};
		CF8097FB25C0791100718437 /* Table View Cells */ = {
			isa = PBXGroup;
			children = (
				CF8097FC25C0793C00718437 /* RestaurantCell.swift */,
			);
			path = "Table View Cells";
			sourceTree = "<group>";
		};
/* End PBXGroup section */

/* Begin PBXNativeTarget section */
		CF8097E125C0751D00718437 /* restaurantSearchApp */ = {
			isa = PBXNativeTarget;
			buildConfigurationList = CF8097F625C0751F00718437 /* Build configuration list for PBXNativeTarget "restaurantSearchApp" */;
			buildPhases = (
				CF8097DE25C0751D00718437 /* Sources */,
				CF8097DF25C0751D00718437 /* Frameworks */,
				CF8097E025C0751D00718437 /* Resources */,
			);
			buildRules = (
			);
			dependencies = (
			);
			name = restaurantSearchApp;
			productName = restaurantSearchApp;
			productReference = CF8097E225C0751D00718437 /* restaurantSearchApp.app */;
			productType = "com.apple.product-type.application";
		};
/* End PBXNativeTarget section */

/* Begin PBXProject section */
		CF8097DA25C0751D00718437 /* Project object */ = {
			isa = PBXProject;
			attributes = {
				LastSwiftUpdateCheck = 1230;
				LastUpgradeCheck = 1230;
				TargetAttributes = {
					CF8097E125C0751D00718437 = {
						CreatedOnToolsVersion = 12.3;
					};
				};
			};
			buildConfigurationList = CF8097DD25C0751D00718437 /* Build configuration list for PBXProject "restaurantSearchApp" */;
			compatibilityVersion = "Xcode 9.3";
			developmentRegion = en;
			hasScannedForEncodings = 0;
			knownRegions = (
				en,
				Base,
			);
			mainGroup = CF8097D925C0751D00718437;
			productRefGroup = CF8097E325C0751D00718437 /* Products */;
			projectDirPath = "";
			projectRoot = "";
			targets = (
				CF8097E125C0751D00718437 /* restaurantSearchApp */,
			);
		};
/* End PBXProject section */

/* Begin PBXResourcesBuildPhase section */
		CF8097E025C0751D00718437 /* Resources */ = {
			isa = PBXResourcesBuildPhase;
			buildActionMask = 2147483647;
			files = (
				CF8097F225C0751F00718437 /* LaunchScreen.storyboard in Resources */,
				CF8097EF25C0751F00718437 /* Assets.xcassets in Resources */,
				CF8097ED25C0751D00718437 /* Main.storyboard in Resources */,
			);
			runOnlyForDeploymentPostprocessing = 0;
		};
/* End PBXResourcesBuildPhase section */

/* Begin PBXSourcesBuildPhase section */
		CF8097DE25C0751D00718437 /* Sources */ = {
			isa = PBXSourcesBuildPhase;
			buildActionMask = 2147483647;
			files = (
				CF8097FD25C0793C00718437 /* RestaurantCell.swift in Sources */,
				CF8097EA25C0751D00718437 /* ViewController.swift in Sources */,
				CF80980125C084B800718437 /* DetailViewController.swift in Sources */,
				CF8097E625C0751D00718437 /* AppDelegate.swift in Sources */,
				CF8097E825C0751D00718437 /* SceneDelegate.swift in Sources */,
			);
			runOnlyForDeploymentPostprocessing = 0;
		};
/* End PBXSourcesBuildPhase section */

/* Begin PBXVariantGroup section */
		CF8097EB25C0751D00718437 /* Main.storyboard */ = {
			isa = PBXVariantGroup;
			children = (
				CF8097EC25C0751D00718437 /* Base */,
			);
			name = Main.storyboard;
			sourceTree = "<group>";
		};
		CF8097F025C0751F00718437 /* LaunchScreen.storyboard */ = {
			isa = PBXVariantGroup;
			children = (
				CF8097F125C0751F00718437 /* Base */,
			);
			name = LaunchScreen.storyboard;
			sourceTree = "<group>";
		};
/* End PBXVariantGroup section */

/* Begin XCBuildConfiguration section */
		CF8097F425C0751F00718437 /* Debug */ = {
			isa = XCBuildConfiguration;
			buildSettings = {
				ALWAYS_SEARCH_USER_PATHS = NO;
				CLANG_ANALYZER_NONNULL = YES;
				CLANG_ANALYZER_NUMBER_OBJECT_CONVERSION = YES_AGGRESSIVE;
				CLANG_CXX_LANGUAGE_STANDARD = "gnu++14";
				CLANG_CXX_LIBRARY = "libc++";
				CLANG_ENABLE_MODULES = YES;
				CLANG_ENABLE_OBJC_ARC = YES;
				CLANG_ENABLE_OBJC_WEAK = YES;
				CLANG_WARN_BLOCK_CAPTURE_AUTORELEASING = YES;
				CLANG_WARN_BOOL_CONVERSION = YES;
				CLANG_WARN_COMMA = YES;
				CLANG_WARN_CONSTANT_CONVERSION = YES;
				CLANG_WARN_DEPRECATED_OBJC_IMPLEMENTATIONS = YES;
				CLANG_WARN_DIRECT_OBJC_ISA_USAGE = YES_ERROR;
				CLANG_WARN_DOCUMENTATION_COMMENTS = YES;
				CLANG_WARN_EMPTY_BODY = YES;
				CLANG_WARN_ENUM_CONVERSION = YES;
				CLANG_WARN_INFINITE_RECURSION = YES;
				CLANG_WARN_INT_CONVERSION = YES;
				CLANG_WARN_NON_LITERAL_NULL_CONVERSION = YES;
				CLANG_WARN_OBJC_IMPLICIT_RETAIN_SELF = YES;
				CLANG_WARN_OBJC_LITERAL_CONVERSION = YES;
				CLANG_WARN_OBJC_ROOT_CLASS = YES_ERROR;
				CLANG_WARN_QUOTED_INCLUDE_IN_FRAMEWORK_HEADER = YES;
				CLANG_WARN_RANGE_LOOP_ANALYSIS = YES;
				CLANG_WARN_STRICT_PROTOTYPES = YES;
				CLANG_WARN_SUSPICIOUS_MOVE = YES;
				CLANG_WARN_UNGUARDED_AVAILABILITY = YES_AGGRESSIVE;
				CLANG_WARN_UNREACHABLE_CODE = YES;
				CLANG_WARN__DUPLICATE_METHOD_MATCH = YES;
				COPY_PHASE_STRIP = NO;
				DEBUG_INFORMATION_FORMAT = dwarf;
				ENABLE_STRICT_OBJC_MSGSEND = YES;
				ENABLE_TESTABILITY = YES;
				GCC_C_LANGUAGE_STANDARD = gnu11;
				GCC_DYNAMIC_NO_PIC = NO;
				GCC_NO_COMMON_BLOCKS = YES;
				GCC_OPTIMIZATION_LEVEL = 0;
				GCC_PREPROCESSOR_DEFINITIONS = (
					"DEBUG=1",
					"$(inherited)",
				);
				GCC_WARN_64_TO_32_BIT_CONVERSION = YES;
				GCC_WARN_ABOUT_RETURN_TYPE = YES_ERROR;
				GCC_WARN_UNDECLARED_SELECTOR = YES;
				GCC_WARN_UNINITIALIZED_AUTOS = YES_AGGRESSIVE;
				GCC_WARN_UNUSED_FUNCTION = YES;
				GCC_WARN_UNUSED_VARIABLE = YES;
				IPHONEOS_DEPLOYMENT_TARGET = 14.3;
				MTL_ENABLE_DEBUG_INFO = INCLUDE_SOURCE;
				MTL_FAST_MATH = YES;
				ONLY_ACTIVE_ARCH = YES;
				SDKROOT = iphoneos;
				SWIFT_ACTIVE_COMPILATION_CONDITIONS = DEBUG;
				SWIFT_OPTIMIZATION_LEVEL = "-Onone";
			};
			name = Debug;
		};
		CF8097F525C0751F00718437 /* Release */ = {
			isa = XCBuildConfiguration;
			buildSettings = {
				ALWAYS_SEARCH_USER_PATHS = NO;
				CLANG_ANALYZER_NONNULL = YES;
				CLANG_ANALYZER_NUMBER_OBJECT_CONVERSION = YES_AGGRESSIVE;
				CLANG_CXX_LANGUAGE_STANDARD = "gnu++14";
				CLANG_CXX_LIBRARY = "libc++";
				CLANG_ENABLE_MODULES = YES;
				CLANG_ENABLE_OBJC_ARC = YES;
				CLANG_ENABLE_OBJC_WEAK = YES;
				CLANG_WARN_BLOCK_CAPTURE_AUTORELEASING = YES;
				CLANG_WARN_BOOL_CONVERSION = YES;
				CLANG_WARN_COMMA = YES;
				CLANG_WARN_CONSTANT_CONVERSION = YES;
				CLANG_WARN_DEPRECATED_OBJC_IMPLEMENTATIONS = YES;
				CLANG_WARN_DIRECT_OBJC_ISA_USAGE = YES_ERROR;
				CLANG_WARN_DOCUMENTATION_COMMENTS = YES;
				CLANG_WARN_EMPTY_BODY = YES;
				CLANG_WARN_ENUM_CONVERSION = YES;
				CLANG_WARN_INFINITE_RECURSION = YES;
				CLANG_WARN_INT_CONVERSION = YES;
				CLANG_WARN_NON_LITERAL_NULL_CONVERSION = YES;
				CLANG_WARN_OBJC_IMPLICIT_RETAIN_SELF = YES;
				CLANG_WARN_OBJC_LITERAL_CONVERSION = YES;
				CLANG_WARN_OBJC_ROOT_CLASS = YES_ERROR;
				CLANG_WARN_QUOTED_INCLUDE_IN_FRAMEWORK_HEADER = YES;
				CLANG_WARN_RANGE_LOOP_ANALYSIS = YES;
				CLANG_WARN_STRICT_PROTOTYPES = YES;
				CLANG_WARN_SUSPICIOUS_MOVE = YES;
				CLANG_WARN_UNGUARDED_AVAILABILITY = YES_AGGRESSIVE;
				CLANG_WARN_UNREACHABLE_CODE = YES;
				CLANG_WARN__DUPLICATE_METHOD_MATCH = YES;
				COPY_PHASE_STRIP = NO;
				DEBUG_INFORMATION_FORMAT = "dwarf-with-dsym";
				ENABLE_NS_ASSERTIONS = NO;
				ENABLE_STRICT_OBJC_MSGSEND = YES;
				GCC_C_LANGUAGE_STANDARD = gnu11;
				GCC_NO_COMMON_BLOCKS = YES;
				GCC_WARN_64_TO_32_BIT_CONVERSION = YES;
				GCC_WARN_ABOUT_RETURN_TYPE = YES_ERROR;
				GCC_WARN_UNDECLARED_SELECTOR = YES;
				GCC_WARN_UNINITIALIZED_AUTOS = YES_AGGRESSIVE;
				GCC_WARN_UNUSED_FUNCTION = YES;
				GCC_WARN_UNUSED_VARIABLE = YES;
				IPHONEOS_DEPLOYMENT_TARGET = 14.3;
				MTL_ENABLE_DEBUG_INFO = NO;
				MTL_FAST_MATH = YES;
				SDKROOT = iphoneos;
				SWIFT_COMPILATION_MODE = wholemodule;
				SWIFT_OPTIMIZATION_LEVEL = "-O";
				VALIDATE_PRODUCT = YES;
			};
			name = Release;
		};
		CF8097F725C0751F00718437 /* Debug */ = {
			isa = XCBuildConfiguration;
			buildSettings = {
				ASSETCATALOG_COMPILER_APPICON_NAME = AppIcon;
				ASSETCATALOG_COMPILER_GLOBAL_ACCENT_COLOR_NAME = AccentColor;
				CODE_SIGN_STYLE = Automatic;
				INFOPLIST_FILE = restaurantSearchApp/Info.plist;
				LD_RUNPATH_SEARCH_PATHS = (
					"$(inherited)",
					"@executable_path/Frameworks",
				);
				PRODUCT_BUNDLE_IDENTIFIER = com.zhiwei.restaurantSearchApp;
				PRODUCT_NAME = "$(TARGET_NAME)";
				SWIFT_VERSION = 5.0;
				TARGETED_DEVICE_FAMILY = "1,2";
			};
			name = Debug;
		};
		CF8097F825C0751F00718437 /* Release */ = {
			isa = XCBuildConfiguration;
			buildSettings = {
				ASSETCATALOG_COMPILER_APPICON_NAME = AppIcon;
				ASSETCATALOG_COMPILER_GLOBAL_ACCENT_COLOR_NAME = AccentColor;
				CODE_SIGN_STYLE = Automatic;
				INFOPLIST_FILE = restaurantSearchApp/Info.plist;
				LD_RUNPATH_SEARCH_PATHS = (
					"$(inherited)",
					"@executable_path/Frameworks",
				);
				PRODUCT_BUNDLE_IDENTIFIER = com.zhiwei.restaurantSearchApp;
				PRODUCT_NAME = "$(TARGET_NAME)";
				SWIFT_VERSION = 5.0;
				TARGETED_DEVICE_FAMILY = "1,2";
			};
			name = Release;
		};
/* End XCBuildConfiguration section */

/* Begin XCConfigurationList section */
		CF8097DD25C0751D00718437 /* Build configuration list for PBXProject "restaurantSearchApp" */ = {
			isa = XCConfigurationList;
			buildConfigurations = (
				CF8097F425C0751F00718437 /* Debug */,
				CF8097F525C0751F00718437 /* Release */,
			);
			defaultConfigurationIsVisible = 0;
			defaultConfigurationName = Release;
		};
		CF8097F625C0751F00718437 /* Build configuration list for PBXNativeTarget "restaurantSearchApp" */ = {
			isa = XCConfigurationList;
			buildConfigurations = (
				CF8097F725C0751F00718437 /* Debug */,
				CF8097F825C0751F00718437 /* Release */,
			);
			defaultConfigurationIsVisible = 0;
			defaultConfigurationName = Release;
		};
/* End XCConfigurationList section */
	};
	rootObject = CF8097DA25C0751D00718437 /* Project object */;
}
